
Microsoft Visual Studio Solution File, Format Version 12.00
# Visual Studio Version 17
VisualStudioVersion = 17.0.31612.314
MinimumVisualStudioVersion = 10.0.40219.1
Project("{FAE04EC0-301F-11D3-BF4B-00C04F79EFBC}") = "Lekstugan2022", "Lekstugan2022\Lekstugan2022.csproj", "{5CF1ADF2-9CC1-4E03-B849-97B6FC672F10}"
EndProject
Global
	GlobalSection(SolutionConfigurationPlatforms) = preSolution
		Debug|Any CPU = Debug|Any CPU
		Release|Any CPU = Release|Any CPU
	EndGlobalSection
	GlobalSection(ProjectConfigurationPlatforms) = postSolution
		{5CF1ADF2-9CC1-4E03-B849-97B6FC672F10}.Debug|Any CPU.ActiveCfg = Debug|Any CPU
		{5CF1ADF2-9CC1-4E03-B849-97B6FC672F10}.Debug|Any CPU.Build.0 = Debug|Any CPU
		{5CF1ADF2-9CC1-4E03-B849-97B6FC672F10}.Release|Any CPU.ActiveCfg = Release|Any CPU
		{5CF1ADF2-9CC1-4E03-B849-97B6FC672F10}.Release|Any CPU.Build.0 = Release|Any CPU
	EndGlobalSection
	GlobalSection(SolutionProperties) = preSolution
		HideSolutionNode = FALSE
	EndGlobalSection
	GlobalSection(ExtensibilityGlobals) = postSolution
		SolutionGuid = {81E4D11E-9B5A-4154-914D-2BDD95A33438}
	EndGlobalSection
EndGlobal
